{
  "projects": [
    {
      "projectId": "ps3Hy1AERMbVLKcdR1pRJu",
      "version": "latest",
      "dependencies": {},
      "lang": "ts",
      "fileLocks": [
        {
          "type": "globalVariant",
          "assetId": "XXvSOSLc8CA9",
          "checksum": "fe8827c223b0d3742f40c68ac1e77b0d"
        },
        {
          "assetId": "ps3Hy1AERMbVLKcdR1pRJu",
          "type": "projectCss",
          "checksum": "9c7d027db60ec465648134818f8cab08"
        },
        {
          "type": "renderModule",
          "assetId": "GEdk8Lr8vba",
          "checksum": "6845aeb31dfc35d42b092d29f89d9d90"
        },
        {
          "type": "cssRules",
          "assetId": "GEdk8Lr8vba",
          "checksum": "6845aeb31dfc35d42b092d29f89d9d90"
        },
        {
          "type": "renderModule",
          "assetId": "AI0HA2EsFf_G",
          "checksum": "c9c09dad26e362aa064b257f08843ba4"
        },
        {
          "type": "cssRules",
          "assetId": "AI0HA2EsFf_G",
          "checksum": "c9c09dad26e362aa064b257f08843ba4"
        },
        {
          "type": "renderModule",
          "assetId": "1TxN0ovUnesq",
          "checksum": "51f70d685bfd470d2694c034e1fd83f4"
        },
        {
          "type": "cssRules",
          "assetId": "1TxN0ovUnesq",
          "checksum": "51f70d685bfd470d2694c034e1fd83f4"
        },
        {
          "type": "renderModule",
          "assetId": "j6twbNYe0hHc",
          "checksum": "95c1d0a25fba178e4fa180f10bdbfcc2"
        },
        {
          "type": "cssRules",
          "assetId": "j6twbNYe0hHc",
          "checksum": "95c1d0a25fba178e4fa180f10bdbfcc2"
        },
        {
          "type": "renderModule",
          "assetId": "yz8JGM7N2jcB",
          "checksum": "4d7465a353e5725ff87c1ab3716c85ce"
        },
        {
          "type": "cssRules",
          "assetId": "yz8JGM7N2jcB",
          "checksum": "4d7465a353e5725ff87c1ab3716c85ce"
        },
        {
          "type": "renderModule",
          "assetId": "r9_KfwGxqjvN",
          "checksum": "59376a255650cb0120ce9190b19abefb"
        },
        {
          "type": "cssRules",
          "assetId": "r9_KfwGxqjvN",
          "checksum": "59376a255650cb0120ce9190b19abefb"
        },
        {
          "type": "renderModule",
          "assetId": "j561t1ZOQvpN",
          "checksum": "1fe4e3b10c0a2212ae35bf37ec414106"
        },
        {
          "type": "cssRules",
          "assetId": "j561t1ZOQvpN",
          "checksum": "1fe4e3b10c0a2212ae35bf37ec414106"
        },
        {
          "type": "renderModule",
          "assetId": "PSlHxc8XuqsD",
          "checksum": "e845956fc3f974e38efba1483b9a4049"
        },
        {
          "type": "cssRules",
          "assetId": "PSlHxc8XuqsD",
          "checksum": "e845956fc3f974e38efba1483b9a4049"
        },
        {
          "type": "renderModule",
          "assetId": "39ommE2PQA9Q",
          "checksum": "526336915d8e394fa8ddd33f744d5d0a"
        },
        {
          "type": "cssRules",
          "assetId": "39ommE2PQA9Q",
          "checksum": "526336915d8e394fa8ddd33f744d5d0a"
        },
        {
          "type": "renderModule",
          "assetId": "3sngrvynYuJ0",
          "checksum": "00f5fe1472531ce5db07fdd98f1025b1"
        },
        {
          "type": "cssRules",
          "assetId": "3sngrvynYuJ0",
          "checksum": "00f5fe1472531ce5db07fdd98f1025b1"
        },
        {
          "type": "renderModule",
          "assetId": "hWEVsUeqUB_a",
          "checksum": "d53d7df91f4cee9ead315eceb9cf6e0d"
        },
        {
          "type": "cssRules",
          "assetId": "hWEVsUeqUB_a",
          "checksum": "d53d7df91f4cee9ead315eceb9cf6e0d"
        },
        {
          "type": "renderModule",
          "assetId": "GV-I2c0_U7sk",
          "checksum": "0c33d612cf00af3c3acc2262a71546e5"
        },
        {
          "type": "cssRules",
          "assetId": "GV-I2c0_U7sk",
          "checksum": "0c33d612cf00af3c3acc2262a71546e5"
        },
        {
          "type": "renderModule",
          "assetId": "nEs_T2Z58OHV",
          "checksum": "8423bad1f8418287474f9ce26deac70f"
        },
        {
          "type": "cssRules",
          "assetId": "nEs_T2Z58OHV",
          "checksum": "8423bad1f8418287474f9ce26deac70f"
        },
        {
          "type": "renderModule",
          "assetId": "gG32NZqUhDMA",
          "checksum": "fd67c0943634e54016585c739db082cd"
        },
        {
          "type": "cssRules",
          "assetId": "gG32NZqUhDMA",
          "checksum": "fd67c0943634e54016585c739db082cd"
        },
        {
          "type": "renderModule",
          "assetId": "rNZinyM_comT",
          "checksum": "031ce0bd4fc25d42c89f303ac04dec24"
        },
        {
          "type": "cssRules",
          "assetId": "rNZinyM_comT",
          "checksum": "031ce0bd4fc25d42c89f303ac04dec24"
        },
        {
          "type": "renderModule",
          "assetId": "80tS_k8e_tGS",
          "checksum": "df5512e3823e94d297d5bd3b55643929"
        },
        {
          "type": "cssRules",
          "assetId": "80tS_k8e_tGS",
          "checksum": "df5512e3823e94d297d5bd3b55643929"
        },
        {
          "type": "icon",
          "assetId": "Dk4TBpsW2-IP",
          "checksum": "0b8855cfd2f606df9c8f4feb224e3078"
        },
        {
          "type": "icon",
          "assetId": "v5DA9blF8r9P",
          "checksum": "50058a467b5e8bcff75e95240284546b"
        },
        {
          "type": "icon",
          "assetId": "bMkJIWXK7IKx",
          "checksum": "0f8030a8198249055a3b1f9b7b4bc5da"
        },
        {
          "type": "icon",
          "assetId": "_KmJab8kF60U",
          "checksum": "03835d135673306abacb50773775e7a3"
        },
        {
          "type": "icon",
          "assetId": "VRBsEpPNJPqt",
          "checksum": "58ce49a5dcebb1965e18e2da480d24c0"
        },
        {
          "type": "icon",
          "assetId": "kjt_Ia8WBbNZ",
          "checksum": "7d6d0b4322951c16d730cd64c873f167"
        },
        {
          "type": "icon",
          "assetId": "Wk50Fdo4HSvS",
          "checksum": "602e6df7d1d124482820015fdfd36ed1"
        },
        {
          "type": "icon",
          "assetId": "S-bkRdot7jFn",
          "checksum": "a6b5f8f3772dd7963bae1b82d42c67da"
        },
        {
          "type": "icon",
          "assetId": "Aqt1_TgxGc2_",
          "checksum": "8def6d253c297fb734f2c6a35f46528f"
        },
        {
          "type": "icon",
          "assetId": "DUZytg1vIM41",
          "checksum": "8a472c1bce4892f9b15f4dd59b5a29b9"
        },
        {
          "type": "icon",
          "assetId": "d69pQnRK5tYk",
          "checksum": "10d1449e60f7660b5edd5beb0377dd12"
        },
        {
          "type": "icon",
          "assetId": "r4ucqkLXbdES",
          "checksum": "f7a1cfea16ead703b900d5a7c6ce40f0"
        },
        {
          "type": "icon",
          "assetId": "gFjtnG2pQ1gw",
          "checksum": "da736bd82963cde90cf43ae4d4aa4575"
        },
        {
          "type": "icon",
          "assetId": "9paKntT_0NXb",
          "checksum": "4ef79a2e5a69c7b7348192809adf38ee"
        },
        {
          "type": "icon",
          "assetId": "p1vd7glmqK45",
          "checksum": "3fee9a75dbbedcdc9a6bac961d7aab4d"
        },
        {
          "type": "icon",
          "assetId": "oWkugsCeYpAE",
          "checksum": "66b249baf08acecffff4d091b08a4a57"
        },
        {
          "type": "icon",
          "assetId": "RO5L5hFzB6Rp",
          "checksum": "60ea4df280ffe14d35a102e90aef5cb6"
        },
        {
          "type": "image",
          "assetId": "EwqrNFCs-J0s",
          "checksum": "e0e651089e358d3cab0e496778b647b5"
        },
        {
          "type": "image",
          "assetId": "Z2YcA4WnM66B",
          "checksum": "28abb0076784ecd8d74e389c170acfcc"
        },
        {
          "type": "image",
          "assetId": "ftJtlUHxe_6e",
          "checksum": "9218f810a837c539deab70e448831a03"
        },
        {
          "type": "image",
          "assetId": "arSlV1zcdYaf",
          "checksum": "b4791a92920fb513e913f18ca7fe4c7d"
        },
        {
          "type": "image",
          "assetId": "hRxCt1S1puek",
          "checksum": "4e60107c8b83bad9aac7c42acf7bd568"
        },
        {
          "type": "image",
          "assetId": "g-YS9i1spHsR",
          "checksum": "e3242b42f212bad002f9825eb31c31f4"
        },
        {
          "type": "image",
          "assetId": "ajhMg-Y3CtW0",
          "checksum": "40ba7528f249ad23ddc75a87391e46ce"
        },
        {
          "type": "image",
          "assetId": "e0zYdBExfbml",
          "checksum": "26d0b124bed8d6ff8f76aa4a73efed83"
        },
        {
          "type": "image",
          "assetId": "nWnCoH4l5ZTU",
          "checksum": "939389896bd05e4633848bb25a10f492"
        },
        {
          "type": "image",
          "assetId": "T7sKimpHksxW",
          "checksum": "e466239338ea725de1376e0cb22ab392"
        },
        {
          "type": "image",
          "assetId": "miHjpJsO9E07",
          "checksum": "b4ff193aaffbaafb157bc1eaff6a3064"
        },
        {
          "type": "image",
          "assetId": "P9a87aoLYbEo",
          "checksum": "cd79d7240eb181100f7ed6f24604ddaf"
        },
        {
          "type": "image",
          "assetId": "uikEWoSAuKKB",
          "checksum": "4d219aea06842773528f3e3b7a39f8f8"
        },
        {
          "type": "image",
          "assetId": "QDay5vzMWb6a",
          "checksum": "db10e74eece030cc3b8fd0b7174136db"
        },
        {
          "type": "image",
          "assetId": "w8IAIgvtL9uh",
          "checksum": "ddbc29f6d2aee48399ad1762d3d21912"
        },
        {
          "type": "image",
          "assetId": "prbC1PGTmgDy",
          "checksum": "b6ef804a773ba7926fc67051dee0eb22"
        },
        {
          "type": "image",
          "assetId": "8Sb-dOdtzpTU",
          "checksum": "1f825db6f3d00f06c639c3334328fcc0"
        },
        {
          "type": "image",
          "assetId": "_8wCxjluqIlw",
          "checksum": "9eb914d25d8249f259b4c78be6a130d3"
        },
        {
          "type": "image",
          "assetId": "_6cYuNUa3kY2",
          "checksum": "1a81d9d86de657a801cd008fc16b5a68"
        },
        {
          "type": "image",
          "assetId": "9kGLLCHPN3_V",
          "checksum": "639883120265bcfc4a888712ba909d35"
        }
      ]
    }
  ],
  "cliVersion": "0.1.166"
}
